
Microsoft Visual Studio Solution File, Format Version 12.00
# Visual Studio Version 16
VisualStudioVersion = 16.0.30711.63
MinimumVisualStudioVersion = 10.0.40219.1
Project("{FAE04EC0-301F-11D3-BF4B-00C04F79EFBC}") = "UMS-Core", "UMS-Core\UMS-Core.csproj", "{12E97F4B-EA48-4984-A92C-C73D30C0375D}"
EndProject
Project("{FAE04EC0-301F-11D3-BF4B-00C04F79EFBC}") = "Services", "Services\Services.csproj", "{0F457080-7F00-466F-8E5E-9E5A092960CD}"
EndProject
Project("{FAE04EC0-301F-11D3-BF4B-00C04F79EFBC}") = "Models", "Models\Models.csproj", "{D840D89C-7805-41D5-B425-18D316410380}"
EndProject
Project("{FAE04EC0-301F-11D3-BF4B-00C04F79EFBC}") = "DataAccess", "DataAccess\DataAccess.csproj", "{5EE0829E-CE93-43EE-A34C-4909375A4333}"
EndProject
Global
	GlobalSection(SolutionConfigurationPlatforms) = preSolution
		Debug|Any CPU = Debug|Any CPU
		Release|Any CPU = Release|Any CPU
	EndGlobalSection
	GlobalSection(ProjectConfigurationPlatforms) = postSolution
		{12E97F4B-EA48-4984-A92C-C73D30C0375D}.Debug|Any CPU.ActiveCfg = Debug|Any CPU
		{12E97F4B-EA48-4984-A92C-C73D30C0375D}.Debug|Any CPU.Build.0 = Debug|Any CPU
		{12E97F4B-EA48-4984-A92C-C73D30C0375D}.Release|Any CPU.ActiveCfg = Release|Any CPU
		{12E97F4B-EA48-4984-A92C-C73D30C0375D}.Release|Any CPU.Build.0 = Release|Any CPU
		{0F457080-7F00-466F-8E5E-9E5A092960CD}.Debug|Any CPU.ActiveCfg = Debug|Any CPU
		{0F457080-7F00-466F-8E5E-9E5A092960CD}.Debug|Any CPU.Build.0 = Debug|Any CPU
		{0F457080-7F00-466F-8E5E-9E5A092960CD}.Release|Any CPU.ActiveCfg = Release|Any CPU
		{0F457080-7F00-466F-8E5E-9E5A092960CD}.Release|Any CPU.Build.0 = Release|Any CPU
		{D840D89C-7805-41D5-B425-18D316410380}.Debug|Any CPU.ActiveCfg = Debug|Any CPU
		{D840D89C-7805-41D5-B425-18D316410380}.Debug|Any CPU.Build.0 = Debug|Any CPU
		{D840D89C-7805-41D5-B425-18D316410380}.Release|Any CPU.ActiveCfg = Release|Any CPU
		{D840D89C-7805-41D5-B425-18D316410380}.Release|Any CPU.Build.0 = Release|Any CPU
		{5EE0829E-CE93-43EE-A34C-4909375A4333}.Debug|Any CPU.ActiveCfg = Debug|Any CPU
		{5EE0829E-CE93-43EE-A34C-4909375A4333}.Debug|Any CPU.Build.0 = Debug|Any CPU
		{5EE0829E-CE93-43EE-A34C-4909375A4333}.Release|Any CPU.ActiveCfg = Release|Any CPU
		{5EE0829E-CE93-43EE-A34C-4909375A4333}.Release|Any CPU.Build.0 = Release|Any CPU
	EndGlobalSection
	GlobalSection(SolutionProperties) = preSolution
		HideSolutionNode = FALSE
	EndGlobalSection
	GlobalSection(ExtensibilityGlobals) = postSolution
		SolutionGuid = {BFD6B1F5-9227-493E-B717-76204952A5E1}
	EndGlobalSection
EndGlobal
