
Microsoft Visual Studio Solution File, Format Version 12.00
# Visual Studio 15
VisualStudioVersion = 15.0.28307.852
MinimumVisualStudioVersion = 10.0.40219.1
Project("{9A19103F-16F7-4668-BE54-9A1E7A4F7556}") = "UMS-Core", "UMS-Core\UMS-Core.csproj", "{CAA52590-BF41-4D93-94DC-BCDB20CE7462}"
EndProject
Project("{FAE04EC0-301F-11D3-BF4B-00C04F79EFBC}") = "Services", "Services\Services.csproj", "{0CBFC51A-B2C1-4BD1-AF1B-24FECF5E2F8D}"
EndProject
Project("{FAE04EC0-301F-11D3-BF4B-00C04F79EFBC}") = "Models", "Models\Models.csproj", "{C600CD7B-C1E1-4C8A-9B65-193284FB7FF7}"
EndProject
Project("{FAE04EC0-301F-11D3-BF4B-00C04F79EFBC}") = "DataAccess", "DataAccess\DataAccess.csproj", "{BE76358D-EE0F-454C-924A-BAFD1EFA5E5A}"
EndProject
Global
	GlobalSection(SolutionConfigurationPlatforms) = preSolution
		Debug|Any CPU = Debug|Any CPU
		Release|Any CPU = Release|Any CPU
	EndGlobalSection
	GlobalSection(ProjectConfigurationPlatforms) = postSolution
		{CAA52590-BF41-4D93-94DC-BCDB20CE7462}.Debug|Any CPU.ActiveCfg = Debug|Any CPU
		{CAA52590-BF41-4D93-94DC-BCDB20CE7462}.Debug|Any CPU.Build.0 = Debug|Any CPU
		{CAA52590-BF41-4D93-94DC-BCDB20CE7462}.Release|Any CPU.ActiveCfg = Release|Any CPU
		{CAA52590-BF41-4D93-94DC-BCDB20CE7462}.Release|Any CPU.Build.0 = Release|Any CPU
		{0CBFC51A-B2C1-4BD1-AF1B-24FECF5E2F8D}.Debug|Any CPU.ActiveCfg = Debug|Any CPU
		{0CBFC51A-B2C1-4BD1-AF1B-24FECF5E2F8D}.Debug|Any CPU.Build.0 = Debug|Any CPU
		{0CBFC51A-B2C1-4BD1-AF1B-24FECF5E2F8D}.Release|Any CPU.ActiveCfg = Release|Any CPU
		{0CBFC51A-B2C1-4BD1-AF1B-24FECF5E2F8D}.Release|Any CPU.Build.0 = Release|Any CPU
		{C600CD7B-C1E1-4C8A-9B65-193284FB7FF7}.Debug|Any CPU.ActiveCfg = Debug|Any CPU
		{C600CD7B-C1E1-4C8A-9B65-193284FB7FF7}.Debug|Any CPU.Build.0 = Debug|Any CPU
		{C600CD7B-C1E1-4C8A-9B65-193284FB7FF7}.Release|Any CPU.ActiveCfg = Release|Any CPU
		{C600CD7B-C1E1-4C8A-9B65-193284FB7FF7}.Release|Any CPU.Build.0 = Release|Any CPU
		{BE76358D-EE0F-454C-924A-BAFD1EFA5E5A}.Debug|Any CPU.ActiveCfg = Debug|Any CPU
		{BE76358D-EE0F-454C-924A-BAFD1EFA5E5A}.Debug|Any CPU.Build.0 = Debug|Any CPU
		{BE76358D-EE0F-454C-924A-BAFD1EFA5E5A}.Release|Any CPU.ActiveCfg = Release|Any CPU
		{BE76358D-EE0F-454C-924A-BAFD1EFA5E5A}.Release|Any CPU.Build.0 = Release|Any CPU
	EndGlobalSection
	GlobalSection(SolutionProperties) = preSolution
		HideSolutionNode = FALSE
	EndGlobalSection
	GlobalSection(ExtensibilityGlobals) = postSolution
		SolutionGuid = {8F55D51B-A498-42F6-9551-C0D25932833D}
	EndGlobalSection
EndGlobal
